{
    "_meta": {
        "hash": {
            "sha256": "9c6e7a8199f48be54c7994d7c4a157202a2074d08a11d37736aa56f48da6e3b1"
        },
        "pipfile-spec": 6,
        "requires": {
            "python_version": "3.13"
        },
        "sources": [
            {
                "name": "pypi",
                "url": "https://pypi.org/simple",
                "verify_ssl": true
            }
        ]
    },
    "default": {
        "alembic": {
            "hashes": [
                "sha256:bbe9751705c5e0f14877f02d46c53d10885e377e3d90eda810a016f9baa19e8e",
                "sha256:f483dd1fe93f6c5d49217055e4d15b905b425b6af906746abb35b69c1996c4e6"
            ],
            "markers": "python_version >= '3.10'",
            "version": "==1.17.2"
        },
        "annotated-types": {
            "hashes": [
                "sha256:1f02e8b43a8fbbc3f3e0d4f0f4bfc8131bcb4eebe8849b8e5c773f3a1c582a53",
                "sha256:aff07c09a53a08bc8cfccb9c85b05f1aa9a2a6f23728d790723543408344ce89"
            ],
            "markers": "python_version >= '3.8'",
            "version": "==0.7.0"
        },
        "apispec": {
            "hashes": [
                "sha256:18d6cfaf6a9742d4f9a8f364bfabb7e8884983e10b155ad13616e084f47164ef",
                "sha256:fd0ed14af71a2949d9aeb96b72ce1517cb4a48a5c55667cd0483b7ed33156a2a"
            ],
            "index": "pypi",
            "markers": "python_version >= '3.9'",
            "version": "==6.8.4"
        },
        "bcrypt": {
            "hashes": [
                "sha256:15b9865d3fb52d30c8301f13ab074006dbacc219539470f93c13fd720cdc1558",
                "sha256:30be7a77166a97f85ec2a94100e9841ea97c38ca5a93335111fe96cd485ba250",
                "sha256:4417aa6c0701b8c20136d845198555f61e23d1ee64a8c33a13a9f2d6b6ed531c",
                "sha256:4d9330d165e0079a32e998d0e1dfab00ada7062070b759ab793c3331ab7e9d78",
                "sha256:544a13c2555027d1042d249ba0e3a302cba105224420f06d20e61179207a7e02",
                "sha256:69740306830e26479a15e3686027aae67b2250e2a973b3f303bcabc1eb224f77",
                "sha256:6e86108bd26137c5acb86fdf5696a30433c7e9e6a81e3aef6c3746cb9ac535a8",
                "sha256:81458aac2577582e22d9d2682a457992827472ba5010e9e77431317dfe804c98",
                "sha256:8807681e040e89ee3201249a7849342748e643b4bb2749dfc8dd1b34f6baa349",
                "sha256:8d9151b2098bf5598954a5d731c66c4e84321d3f4b9f167d4b73084df6d3958d",
                "sha256:9e8e085b188827087bcda882a2ca14843164cde43d83aca02a67b94ed68b8d1f",
                "sha256:a601e52d0318142d1de84ab213ae062a10168c1acd721a2125bcf97d8646809b",
                "sha256:adb15ff096c9cfdb1b152a5c032f1d4f7390eabd98fd27b0d789c536ef9e7b40",
                "sha256:b5dea889347e80dbd86442b989128e12812b181a40ae4db496388ad36a8fe2b7",
                "sha256:d068ba10dfaf5ea7260cf703109f77350043b7efe58d6d6e4027694e8144989f",
                "sha256:e16655bfe3077223d8b8e00c81a6d21b78b9b47a20b57a052e26c8ec4cdc7613"
            ],
            "index": "pypi",
            "markers": "python_version >= '3.7'",
            "version": "==4.1.0"
        },
        "blinker": {
            "hashes": [
                "sha256:b4ce2265a7abece45e7cc896e98dbebe6cead56bcf805a3d23136d145f5445bf",
                "sha256:ba0efaa9080b619ff2f3459d1d500c57bddea4a6b424b60a91141db6fd2f08bc"
            ],
            "markers": "python_version >= '3.9'",
            "version": "==1.9.0"
        },
        "click": {
            "hashes": [
                "sha256:12ff4785d337a1bb490bb7e9c2b1ee5da3112e94a8622f26a6c77f5d2fc6842a",
                "sha256:981153a64e25f12d547d3426c367a4857371575ee7ad18df2a6183ab0545b2a6"
            ],
            "markers": "python_version >= '3.10'",
            "version": "==8.3.1"
        },
        "dnspython": {
            "hashes": [
                "sha256:01d9bbc4a2d76bf0db7c1f729812ded6d912bd318d3b1cf81d30c0f845dbf3af",
                "sha256:181d3c6996452cb1189c4046c61599b84a5a86e099562ffde77d26984ff26d0f"
            ],
            "markers": "python_version >= '3.10'",
            "version": "==2.8.0"
        },
        "email-validator": {
            "hashes": [
                "sha256:200a70680ba08904be6d1eef729205cc0d687634399a5924d842533efb824b84",
                "sha256:97d882d174e2a65732fb43bfce81a3a834cbc1bde8bf419e30ef5ea976370a05"
            ],
            "index": "pypi",
            "markers": "python_version >= '3.8'",
            "version": "==2.1.1"
        },
        "faker": {
            "hashes": [
                "sha256:13676b71346608350accc56e302d55ab7fca0db3f739145c3a3157d9623658a5",
                "sha256:7692aa95155109b9348ab94afddd9049df41db64baa4ba6736653e947b52378e"
            ],
            "index": "pypi",
            "markers": "python_version >= '3.8'",
            "version": "==24.14.0"
        },
        "flask": {
            "hashes": [
                "sha256:bf656c15c80190ed628ad08cdfd3aaa35beb087855e2f494910aa3774cc4fd87",
                "sha256:ca1d8112ec8a6158cc29ea4858963350011b5c846a414cdb7a954aa9e967d03c"
            ],
            "index": "pypi",
            "markers": "python_version >= '3.9'",
            "version": "==3.1.2"
        },
        "flask-cors": {
            "hashes": [
                "sha256:bc3492bfd6368d27cfe79c7821df5a8a319e1a6d5eab277a3794be19bdc51783",
                "sha256:f268522fcb2f73e2ecdde1ef45e2fd5c71cc48fe03cffb4b441c6d1b40684eb0"
            ],
            "index": "pypi",
            "version": "==4.0.0"
        },
        "flask-migrate": {
            "hashes": [
                "sha256:eaf85579b273874b25944016745ff84c7dc712297c42b7b71f4dc6cae8a2934d",
                "sha256:f62b51f9cd2c4f444deac111726a2335d0b846dcf51909a97e261d2098b816f7"
            ],
            "index": "pypi",
            "markers": "python_version >= '3.6'",
            "version": "==4.0.1"
        },
        "flask-sqlalchemy": {
            "hashes": [
                "sha256:3f7060d00edb229ef2f2d98b414bc49fc1a4b26562af94cc1f090fc6c41bf41d",
                "sha256:82bfd6663bbded03127f70697aaf2020d6bc4c0f43c5af4b1a142191903ae908"
            ],
            "index": "pypi",
            "markers": "python_version >= '3.8'",
            "version": "==3.1.0"
        },
        "gunicorn": {
            "hashes": [
                "sha256:3213aa5e8c24949e792bcacfc176fef362e7aac80b76c56f6b5122bf350722f0",
                "sha256:88ec8bff1d634f98e61b9f65bc4bf3cd918a90806c6f5c48bc5603849ec81033"
            ],
            "index": "pypi",
            "markers": "python_version >= '3.5'",
            "version": "==21.2.0"
        },
        "idna": {
            "hashes": [
                "sha256:771a87f49d9defaf64091e6e6fe9c18d4833f140bd19464795bc32d966ca37ea",
                "sha256:795dafcc9c04ed0c1fb032c2aa73654d8e8c5023a7df64a53f39190ada629902"
            ],
            "markers": "python_version >= '3.8'",
            "version": "==3.11"
        },
        "itsdangerous": {
            "hashes": [
                "sha256:c6242fc49e35958c8b15141343aa660db5fc54d4f13a1db01a3f5891b98700ef",
                "sha256:e0050c0b7da1eea53ffaf149c0cfbb5c6e2e2b69c4bef22c81fa6eb73e5f6173"
            ],
            "markers": "python_version >= '3.8'",
            "version": "==2.2.0"
        },
        "jinja2": {
            "hashes": [
                "sha256:0137fb05990d35f1275a587e9aee6d56da821fc83491a0fb838183be43f66d6d",
                "sha256:85ece4451f492d0c13c5dd7c13a64681a86afae63a5f347908daf103ce6d2f67"
            ],
            "markers": "python_version >= '3.7'",
            "version": "==3.1.6"
        },
        "mako": {
            "hashes": [
                "sha256:99579a6f39583fa7e5630a28c3c1f440e4e97a414b80372649c0ce338da2ea28",
                "sha256:baef24a52fc4fc514a0887ac600f9f1cff3d82c61d4d700a1fa84d597b88db59"
            ],
            "markers": "python_version >= '3.8'",
            "version": "==1.3.10"
        },
        "markupsafe": {
            "hashes": [
                "sha256:0303439a41979d9e74d18ff5e2dd8c43ed6c6001fd40e5bf2e43f7bd9bbc523f",
                "sha256:068f375c472b3e7acbe2d5318dea141359e6900156b5b2ba06a30b169086b91a",
                "sha256:0bf2a864d67e76e5c9a34dc26ec616a66b9888e25e7b9460e1c76d3293bd9dbf",
                "sha256:0db14f5dafddbb6d9208827849fad01f1a2609380add406671a26386cdf15a19",
                "sha256:0eb9ff8191e8498cca014656ae6b8d61f39da5f95b488805da4bb029cccbfbaf",
                "sha256:0f4b68347f8c5eab4a13419215bdfd7f8c9b19f2b25520968adfad23eb0ce60c",
                "sha256:1085e7fbddd3be5f89cc898938f42c0b3c711fdcb37d75221de2666af647c175",
                "sha256:116bb52f642a37c115f517494ea5feb03889e04df47eeff5b130b1808ce7c219",
                "sha256:12c63dfb4a98206f045aa9563db46507995f7ef6d83b2f68eda65c307c6829eb",
                "sha256:133a43e73a802c5562be9bbcd03d090aa5a1fe899db609c29e8c8d815c5f6de6",
                "sha256:1353ef0c1b138e1907ae78e2f6c63ff67501122006b0f9abad68fda5f4ffc6ab",
                "sha256:15d939a21d546304880945ca1ecb8a039db6b4dc49b2c5a400387cdae6a62e26",
                "sha256:177b5253b2834fe3678cb4a5f0059808258584c559193998be2601324fdeafb1",
                "sha256:1872df69a4de6aead3491198eaf13810b565bdbeec3ae2dc8780f14458ec73ce",
                "sha256:1b4b79e8ebf6b55351f0d91fe80f893b4743f104bff22e90697db1590e47a218",
                "sha256:1b52b4fb9df4eb9ae465f8d0c228a00624de2334f216f178a995ccdcf82c4634",
                "sha256:1ba88449deb3de88bd40044603fafffb7bc2b055d626a330323a9ed736661695",
                "sha256:1cc7ea17a6824959616c525620e387f6dd30fec8cb44f649e31712db02123dad",
                "sha256:218551f6df4868a8d527e3062d0fb968682fe92054e89978594c28e642c43a73",
                "sha256:26a5784ded40c9e318cfc2bdb30fe164bdb8665ded9cd64d500a34fb42067b1c",
                "sha256:2713baf880df847f2bece4230d4d094280f4e67b1e813eec43b4c0e144a34ffe",
                "sha256:2a15a08b17dd94c53a1da0438822d70ebcd13f8c3a95abe3a9ef9f11a94830aa",
                "sha256:2f981d352f04553a7171b8e44369f2af4055f888dfb147d55e42d29e29e74559",
                "sha256:32001d6a8fc98c8cb5c947787c5d08b0a50663d139f1305bac5885d98d9b40fa",
                "sha256:3524b778fe5cfb3452a09d31e7b5adefeea8c5be1d43c4f810ba09f2ceb29d37",
                "sha256:3537e01efc9d4dccdf77221fb1cb3b8e1a38d5428920e0657ce299b20324d758",
                "sha256:35add3b638a5d900e807944a078b51922212fb3dedb01633a8defc4b01a3c85f",
                "sha256:38664109c14ffc9e7437e86b4dceb442b0096dfe3541d7864d9cbe1da4cf36c8",
                "sha256:3a7e8ae81ae39e62a41ec302f972ba6ae23a5c5396c8e60113e9066ef893da0d",
                "sha256:3b562dd9e9ea93f13d53989d23a7e775fdfd1066c33494ff43f5418bc8c58a5c",
                "sha256:457a69a9577064c05a97c41f4e65148652db078a3a509039e64d3467b9e7ef97",
                "sha256:4bd4cd07944443f5a265608cc6aab442e4f74dff8088b0dfc8238647b8f6ae9a",
                "sha256:4e885a3d1efa2eadc93c894a21770e4bc67899e3543680313b09f139e149ab19",
                "sha256:4faffd047e07c38848ce017e8725090413cd80cbc23d86e55c587bf979e579c9",
                "sha256:509fa21c6deb7a7a273d629cf5ec029bc209d1a51178615ddf718f5918992ab9",
                "sha256:5678211cb9333a6468fb8d8be0305520aa073f50d17f089b5b4b477ea6e67fdc",
                "sha256:591ae9f2a647529ca990bc681daebdd52c8791ff06c2bfa05b65163e28102ef2",
                "sha256:5a7d5dc5140555cf21a6fefbdbf8723f06fcd2f63ef108f2854de715e4422cb4",
                "sha256:69c0b73548bc525c8cb9a251cddf1931d1db4d2258e9599c28c07ef3580ef354",
                "sha256:6b5420a1d9450023228968e7e6a9ce57f65d148ab56d2313fcd589eee96a7a50",
                "sha256:722695808f4b6457b320fdc131280796bdceb04ab50fe1795cd540799ebe1698",
                "sha256:729586769a26dbceff69f7a7dbbf59ab6572b99d94576a5592625d5b411576b9",
                "sha256:77f0643abe7495da77fb436f50f8dab76dbc6e5fd25d39589a0f1fe6548bfa2b",
                "sha256:795e7751525cae078558e679d646ae45574b47ed6e7771863fcc079a6171a0fc",
                "sha256:7be7b61bb172e1ed687f1754f8e7484f1c8019780f6f6b0786e76bb01c2ae115",
                "sha256:7c3fb7d25180895632e5d3148dbdc29ea38ccb7fd210aa27acbd1201a1902c6e",
                "sha256:7e68f88e5b8799aa49c85cd116c932a1ac15caaa3f5db09087854d218359e485",
                "sha256:83891d0e9fb81a825d9a6d61e3f07550ca70a076484292a70fde82c4b807286f",
                "sha256:8485f406a96febb5140bfeca44a73e3ce5116b2501ac54fe953e488fb1d03b12",
                "sha256:8709b08f4a89aa7586de0aadc8da56180242ee0ada3999749b183aa23df95025",
                "sha256:8f71bc33915be5186016f675cd83a1e08523649b0e33efdb898db577ef5bb009",
                "sha256:915c04ba3851909ce68ccc2b8e2cd691618c4dc4c4232fb7982bca3f41fd8c3d",
                "sha256:949b8d66bc381ee8b007cd945914c721d9aba8e27f71959d750a46f7c282b20b",
                "sha256:94c6f0bb423f739146aec64595853541634bde58b2135f27f61c1ffd1cd4d16a",
                "sha256:9a1abfdc021a164803f4d485104931fb8f8c1efd55bc6b748d2f5774e78b62c5",
                "sha256:9b79b7a16f7fedff2495d684f2b59b0457c3b493778c9eed31111be64d58279f",
                "sha256:a320721ab5a1aba0a233739394eb907f8c8da5c98c9181d1161e77a0c8e36f2d",
                "sha256:a4afe79fb3de0b7097d81da19090f4df4f8d3a2b3adaa8764138aac2e44f3af1",
                "sha256:ad2cf8aa28b8c020ab2fc8287b0f823d0a7d8630784c31e9ee5edea20f406287",
                "sha256:b8512a91625c9b3da6f127803b166b629725e68af71f8184ae7e7d54686a56d6",
                "sha256:bc51efed119bc9cfdf792cdeaa4d67e8f6fcccab66ed4bfdd6bde3e59bfcbb2f",
                "sha256:bdc919ead48f234740ad807933cdf545180bfbe9342c2bb451556db2ed958581",
                "sha256:bdd37121970bfd8be76c5fb069c7751683bdf373db1ed6c010162b2a130248ed",
                "sha256:be8813b57049a7dc738189df53d69395eba14fb99345e0a5994914a3864c8a4b",
                "sha256:c0c0b3ade1c0b13b936d7970b1d37a57acde9199dc2aecc4c336773e1d86049c",
                "sha256:c47a551199eb8eb2121d4f0f15ae0f923d31350ab9280078d1e5f12b249e0026",
                "sha256:c4ffb7ebf07cfe8931028e3e4c85f0357459a3f9f9490886198848f4fa002ec8",
                "sha256:ccfcd093f13f0f0b7fdd0f198b90053bf7b2f02a3927a30e63f3ccc9df56b676",
                "sha256:d2ee202e79d8ed691ceebae8e0486bd9a2cd4794cec4824e1c99b6f5009502f6",
                "sha256:d53197da72cc091b024dd97249dfc7794d6a56530370992a5e1a08983ad9230e",
                "sha256:d6dd0be5b5b189d31db7cda48b91d7e0a9795f31430b7f271219ab30f1d3ac9d",
                "sha256:d88b440e37a16e651bda4c7c2b930eb586fd15ca7406cb39e211fcff3bf3017d",
                "sha256:de8a88e63464af587c950061a5e6a67d3632e36df62b986892331d4620a35c01",
                "sha256:df2449253ef108a379b8b5d6b43f4b1a8e81a061d6537becd5582fba5f9196d7",
                "sha256:e1c1493fb6e50ab01d20a22826e57520f1284df32f2d8601fdd90b6304601419",
                "sha256:e1cf1972137e83c5d4c136c43ced9ac51d0e124706ee1c8aa8532c1287fa8795",
                "sha256:e2103a929dfa2fcaf9bb4e7c091983a49c9ac3b19c9061b6d5427dd7d14d81a1",
                "sha256:e56b7d45a839a697b5eb268c82a71bd8c7f6c94d6fd50c3d577fa39a9f1409f5",
                "sha256:e8afc3f2ccfa24215f8cb28dcf43f0113ac3c37c2f0f0806d8c70e4228c5cf4d",
                "sha256:e8fc20152abba6b83724d7ff268c249fa196d8259ff481f3b1476383f8f24e42",
                "sha256:eaa9599de571d72e2daf60164784109f19978b327a3910d3e9de8c97b5b70cfe",
                "sha256:ec15a59cf5af7be74194f7ab02d0f59a62bdcf1a537677ce67a2537c9b87fcda",
                "sha256:f190daf01f13c72eac4efd5c430a8de82489d9cff23c364c3ea822545032993e",
                "sha256:f34c41761022dd093b4b6896d4810782ffbabe30f2d443ff5f083e0cbbb8c737",
                "sha256:f3e98bb3798ead92273dc0e5fd0f31ade220f59a266ffd8a4f6065e0a3ce0523",
                "sha256:f42d0984e947b8adf7dd6dde396e720934d12c506ce84eea8476409563607591",
                "sha256:f71a396b3bf33ecaa1626c255855702aca4d3d9fea5e051b41ac59a9c1c41edc",
                "sha256:f9e130248f4462aaa8e2552d547f36ddadbeaa573879158d721bbd33dfe4743a",
                "sha256:fed51ac40f757d41b7c48425901843666a6677e3e8eb0abcff09e4ba6e664f50"
            ],
            "markers": "python_version >= '3.9'",
            "version": "==3.0.3"
        },
        "marshmallow": {
            "hashes": [
                "sha256:217d7d47793c8cb240d94f96b0a00285213d1ac29cc2bd56019ac4cd6ff8852b",
                "sha256:8041431562ff1f3f2692a28ef3fa67edddd925b23159707415e0eddb3bb40b06"
            ],
            "index": "pypi",
            "markers": "python_version >= '3.8'",
            "version": "==3.20.0"
        },
        "packaging": {
            "hashes": [
                "sha256:29572ef2b1f17581046b3a2227d5c611fb25ec70ca1ba8554b24b0e69331a484",
                "sha256:d443872c98d677bf60f6a1f2f8c1cb748e8fe762d2bf9d3148b5599295b0fc4f"
            ],
            "markers": "python_version >= '3.8'",
            "version": "==25.0"
        },
        "psycopg2-binary": {
            "hashes": [
                "sha256:04392983d0bb89a8717772a193cfaac58871321e3ec69514e1c4e0d4957b5aff",
                "sha256:056470c3dc57904bbf63d6f534988bafc4e970ffd50f6271fc4ee7daad9498a5",
                "sha256:0ea8e3d0ae83564f2fc554955d327fa081d065c8ca5cc6d2abb643e2c9c1200f",
                "sha256:155e69561d54d02b3c3209545fb08938e27889ff5a10c19de8d23eb5a41be8a5",
                "sha256:18c5ee682b9c6dd3696dad6e54cc7ff3a1a9020df6a5c0f861ef8bfd338c3ca0",
                "sha256:19721ac03892001ee8fdd11507e6a2e01f4e37014def96379411ca99d78aeb2c",
                "sha256:1a6784f0ce3fec4edc64e985865c17778514325074adf5ad8f80636cd029ef7c",
                "sha256:2286791ececda3a723d1910441c793be44625d86d1a4e79942751197f4d30341",
                "sha256:230eeae2d71594103cd5b93fd29d1ace6420d0b86f4778739cb1a5a32f607d1f",
                "sha256:245159e7ab20a71d989da00f280ca57da7641fa2cdcf71749c193cea540a74f7",
                "sha256:26540d4a9a4e2b096f1ff9cce51253d0504dca5a85872c7f7be23be5a53eb18d",
                "sha256:270934a475a0e4b6925b5f804e3809dd5f90f8613621d062848dd82f9cd62007",
                "sha256:27422aa5f11fbcd9b18da48373eb67081243662f9b46e6fd07c3eb46e4535142",
                "sha256:2ad26b467a405c798aaa1458ba09d7e2b6e5f96b1ce0ac15d82fd9f95dc38a92",
                "sha256:2b3d2491d4d78b6b14f76881905c7a8a8abcf974aad4a8a0b065273a0ed7a2cb",
                "sha256:2ce3e21dc3437b1d960521eca599d57408a695a0d3c26797ea0f72e834c7ffe5",
                "sha256:30e34c4e97964805f715206c7b789d54a78b70f3ff19fbe590104b71c45600e5",
                "sha256:3216ccf953b3f267691c90c6fe742e45d890d8272326b4a8b20850a03d05b7b8",
                "sha256:32581b3020c72d7a421009ee1c6bf4a131ef5f0a968fab2e2de0c9d2bb4577f1",
                "sha256:35958ec9e46432d9076286dda67942ed6d968b9c3a6a2fd62b48939d1d78bf68",
                "sha256:3abb691ff9e57d4a93355f60d4f4c1dd2d68326c968e7db17ea96df3c023ef73",
                "sha256:3c18f74eb4386bf35e92ab2354a12c17e5eb4d9798e4c0ad3a00783eae7cd9f1",
                "sha256:3c4745a90b78e51d9ba06e2088a2fe0c693ae19cc8cb051ccda44e8df8a6eb53",
                "sha256:3c4ded1a24b20021ebe677b7b08ad10bf09aac197d6943bfe6fec70ac4e4690d",
                "sha256:3e9c76f0ac6f92ecfc79516a8034a544926430f7b080ec5a0537bca389ee0906",
                "sha256:48b338f08d93e7be4ab2b5f1dbe69dc5e9ef07170fe1f86514422076d9c010d0",
                "sha256:4b3df0e6990aa98acda57d983942eff13d824135fe2250e6522edaa782a06de2",
                "sha256:512d29bb12608891e349af6a0cccedce51677725a921c07dba6342beaf576f9a",
                "sha256:5a507320c58903967ef7384355a4da7ff3f28132d679aeb23572753cbf2ec10b",
                "sha256:5c370b1e4975df846b0277b4deba86419ca77dbc25047f535b0bb03d1a544d44",
                "sha256:6b269105e59ac96aba877c1707c600ae55711d9dcd3fc4b5012e4af68e30c648",
                "sha256:6d4fa1079cab9018f4d0bd2db307beaa612b0d13ba73b5c6304b9fe2fb441ff7",
                "sha256:6dc08420625b5a20b53551c50deae6e231e6371194fa0651dbe0fb206452ae1f",
                "sha256:73aa0e31fa4bb82578f3a6c74a73c273367727de397a7a0f07bd83cbea696baa",
                "sha256:7559bce4b505762d737172556a4e6ea8a9998ecac1e39b5233465093e8cee697",
                "sha256:79625966e176dc97ddabc142351e0409e28acf4660b88d1cf6adb876d20c490d",
                "sha256:7a813c8bdbaaaab1f078014b9b0b13f5de757e2b5d9be6403639b298a04d218b",
                "sha256:7b2c956c028ea5de47ff3a8d6b3cc3330ab45cf0b7c3da35a2d6ff8420896526",
                "sha256:7f4152f8f76d2023aac16285576a9ecd2b11a9895373a1f10fd9db54b3ff06b4",
                "sha256:7f5d859928e635fa3ce3477704acee0f667b3a3d3e4bb109f2b18d4005f38287",
                "sha256:851485a42dbb0bdc1edcdabdb8557c09c9655dfa2ca0460ff210522e073e319e",
                "sha256:8608c078134f0b3cbd9f89b34bd60a943b23fd33cc5f065e8d5f840061bd0673",
                "sha256:880845dfe1f85d9d5f7c412efea7a08946a46894537e4e5d091732eb1d34d9a0",
                "sha256:8aabf1c1a04584c168984ac678a668094d831f152859d06e055288fa515e4d30",
                "sha256:8aecc5e80c63f7459a1a2ab2c64df952051df196294d9f739933a9f6687e86b3",
                "sha256:8cd9b4f2cfab88ed4a9106192de509464b75a906462fb846b936eabe45c2063e",
                "sha256:8de718c0e1c4b982a54b41779667242bc630b2197948405b7bd8ce16bcecac92",
                "sha256:9440fa522a79356aaa482aa4ba500b65f28e5d0e63b801abf6aa152a29bd842a",
                "sha256:b5f86c56eeb91dc3135b3fd8a95dc7ae14c538a2f3ad77a19645cf55bab1799c",
                "sha256:b73d6d7f0ccdad7bc43e6d34273f70d587ef62f824d7261c4ae9b8b1b6af90e8",
                "sha256:bb89f0a835bcfc1d42ccd5f41f04870c1b936d8507c6df12b7737febc40f0909",
                "sha256:c3cc28a6fd5a4a26224007712e79b81dbaee2ffb90ff406256158ec4d7b52b47",
                "sha256:ce5ab4bf46a211a8e924d307c1b1fcda82368586a19d0a24f8ae166f5c784864",
                "sha256:d00924255d7fc916ef66e4bf22f354a940c67179ad3fd7067d7a0a9c84d2fbfc",
                "sha256:d7cd730dfa7c36dbe8724426bf5612798734bff2d3c3857f36f2733f5bfc7c00",
                "sha256:e217ce4d37667df0bc1c397fdcd8de5e81018ef305aed9415c3b093faaeb10fb",
                "sha256:e3923c1d9870c49a2d44f795df0c889a22380d36ef92440ff618ec315757e539",
                "sha256:e5720a5d25e3b99cd0dc5c8a440570469ff82659bb09431c1439b92caf184d3b",
                "sha256:e8b58f0a96e7a1e341fc894f62c1177a7c83febebb5ff9123b579418fdc8a481",
                "sha256:e984839e75e0b60cfe75e351db53d6db750b00de45644c5d1f7ee5d1f34a1ce5",
                "sha256:eb09aa7f9cecb45027683bb55aebaaf45a0df8bf6de68801a6afdc7947bb09d4",
                "sha256:ec8a77f521a17506a24a5f626cb2aee7850f9b69a0afe704586f63a464f3cd64",
                "sha256:ecced182e935529727401b24d76634a357c71c9275b356efafd8a2a91ec07392",
                "sha256:ee0e8c683a7ff25d23b55b11161c2663d4b099770f6085ff0a20d4505778d6b4",
                "sha256:f0c2d907a1e102526dd2986df638343388b94c33860ff3bbe1384130828714b1",
                "sha256:f758ed67cab30b9a8d2833609513ce4d3bd027641673d4ebc9c067e4d208eec1",
                "sha256:f8157bed2f51db683f31306aa497311b560f2265998122abe1dce6428bd86567",
                "sha256:ffe8ed017e4ed70f68b7b371d84b7d4a790368db9203dfc2d222febd3a9c8863"
            ],
            "index": "pypi",
            "markers": "python_version >= '3.8'",
            "version": "==2.9.10"
        },
        "pydantic": {
            "hashes": [
                "sha256:c7a8a9fdf7d100afa49647eae340e2d23efa382466a8d177efcd1381e9be5598",
                "sha256:f66a7073abd93214a20c5f7b32d56843137a7a2e70d02111f3be287035c45370"
            ],
            "index": "pypi",
            "markers": "python_version >= '3.8'",
            "version": "==2.9.0"
        },
        "pydantic-core": {
            "hashes": [
                "sha256:0102e49ac7d2df3379ef8d658d3bc59d3d769b0bdb17da189b75efa861fc07b4",
                "sha256:0123655fedacf035ab10c23450163c2f65a4174f2bb034b188240a6cf06bb123",
                "sha256:043ef8469f72609c4c3a5e06a07a1f713d53df4d53112c6d49207c0bd3c3bd9b",
                "sha256:0448b81c3dfcde439551bb04a9f41d7627f676b12701865c8a2574bcea034437",
                "sha256:05b366fb8fe3d8683b11ac35fa08947d7b92be78ec64e3277d03bd7f9b7cda79",
                "sha256:07049ec9306ec64e955b2e7c40c8d77dd78ea89adb97a2013d0b6e055c5ee4c5",
                "sha256:084414ffe9a85a52940b49631321d636dadf3576c30259607b75516d131fecd0",
                "sha256:086c5db95157dc84c63ff9d96ebb8856f47ce113c86b61065a066f8efbe80acf",
                "sha256:12625e69b1199e94b0ae1c9a95d000484ce9f0182f9965a26572f054b1537e44",
                "sha256:16b25a4a120a2bb7dab51b81e3d9f3cde4f9a4456566c403ed29ac81bf49744f",
                "sha256:19f1352fe4b248cae22a89268720fc74e83f008057a652894f08fa931e77dced",
                "sha256:1a2ab4f410f4b886de53b6bddf5dd6f337915a29dd9f22f20f3099659536b2f6",
                "sha256:1c7b81beaf7c7ebde978377dc53679c6cba0e946426fc7ade54251dfe24a7604",
                "sha256:1cf842265a3a820ebc6388b963ead065f5ce8f2068ac4e1c713ef77a67b71f7c",
                "sha256:1eb37f7d6a8001c0f86dc8ff2ee8d08291a536d76e49e78cda8587bb54d8b329",
                "sha256:23af245b8f2f4ee9e2c99cb3f93d0e22fb5c16df3f2f643f5a8da5caff12a653",
                "sha256:257d6a410a0d8aeb50b4283dea39bb79b14303e0fab0f2b9d617701331ed1515",
                "sha256:276ae78153a94b664e700ac362587c73b84399bd1145e135287513442e7dfbc7",
                "sha256:2b1a195efd347ede8bcf723e932300292eb13a9d2a3c1f84eb8f37cbbc905b7f",
                "sha256:329a721253c7e4cbd7aad4a377745fbcc0607f9d72a3cc2102dd40519be75ed2",
                "sha256:358331e21a897151e54d58e08d0219acf98ebb14c567267a87e971f3d2a3be59",
                "sha256:3649bd3ae6a8ebea7dc381afb7f3c6db237fc7cebd05c8ac36ca8a4187b03b30",
                "sha256:3713dc093d5048bfaedbba7a8dbc53e74c44a140d45ede020dc347dda18daf3f",
                "sha256:3ef71ec876fcc4d3bbf2ae81961959e8d62f8d74a83d116668409c224012e3af",
                "sha256:41ae8537ad371ec018e3c5da0eb3f3e40ee1011eb9be1da7f965357c4623c501",
                "sha256:4a801c5e1e13272e0909c520708122496647d1279d252c9e6e07dac216accc41",
                "sha256:4c83c64d05ffbbe12d4e8498ab72bdb05bcc1026340a4a597dc647a13c1605ec",
                "sha256:4cebb9794f67266d65e7e4cbe5dcf063e29fc7b81c79dc9475bd476d9534150e",
                "sha256:5668b3173bb0b2e65020b60d83f5910a7224027232c9f5dc05a71a1deac9f960",
                "sha256:56e6a12ec8d7679f41b3750ffa426d22b44ef97be226a9bab00a03365f217b2b",
                "sha256:582871902e1902b3c8e9b2c347f32a792a07094110c1bca6c2ea89b90150caac",
                "sha256:5c8aa40f6ca803f95b1c1c5aeaee6237b9e879e4dfb46ad713229a63651a95fb",
                "sha256:5d813fd871b3d5c3005157622ee102e8908ad6011ec915a18bd8fde673c4360e",
                "sha256:5dd0ec5f514ed40e49bf961d49cf1bc2c72e9b50f29a163b2cc9030c6742aa73",
                "sha256:5f3cf3721eaf8741cffaf092487f1ca80831202ce91672776b02b875580e174a",
                "sha256:6294907eaaccf71c076abdd1c7954e272efa39bb043161b4b8aa1cd76a16ce43",
                "sha256:64d094ea1aa97c6ded4748d40886076a931a8bf6f61b6e43e4a1041769c39dd2",
                "sha256:6650a7bbe17a2717167e3e23c186849bae5cef35d38949549f1c116031b2b3aa",
                "sha256:67b6655311b00581914aba481729971b88bb8bc7996206590700a3ac85e457b8",
                "sha256:6b06c5d4e8701ac2ba99a2ef835e4e1b187d41095a9c619c5b185c9068ed2a49",
                "sha256:6ce883906810b4c3bd90e0ada1f9e808d9ecf1c5f0b60c6b8831d6100bcc7dd6",
                "sha256:6db09153d8438425e98cdc9a289c5fade04a5d2128faff8f227c459da21b9703",
                "sha256:6f80fba4af0cb1d2344869d56430e304a51396b70d46b91a55ed4959993c0589",
                "sha256:743e5811b0c377eb830150d675b0847a74a44d4ad5ab8845923d5b3a756d8100",
                "sha256:753294d42fb072aa1775bfe1a2ba1012427376718fa4c72de52005a3d2a22178",
                "sha256:7568f682c06f10f30ef643a1e8eec4afeecdafde5c4af1b574c6df079e96f96c",
                "sha256:7706e15cdbf42f8fab1e6425247dfa98f4a6f8c63746c995d6a2017f78e619ae",
                "sha256:785e7f517ebb9890813d31cb5d328fa5eda825bb205065cde760b3150e4de1f7",
                "sha256:7a05c0240f6c711eb381ac392de987ee974fa9336071fb697768dfdb151345ce",
                "sha256:7ce7eaf9a98680b4312b7cebcdd9352531c43db00fca586115845df388f3c465",
                "sha256:7ce8e26b86a91e305858e018afc7a6e932f17428b1eaa60154bd1f7ee888b5f8",
                "sha256:7d0324a35ab436c9d768753cbc3c47a865a2cbc0757066cb864747baa61f6ece",
                "sha256:7e9b24cca4037a561422bf5dc52b38d390fb61f7bfff64053ce1b72f6938e6b2",
                "sha256:810ca06cca91de9107718dc83d9ac4d2e86efd6c02cba49a190abcaf33fb0472",
                "sha256:820f6ee5c06bc868335e3b6e42d7ef41f50dfb3ea32fbd523ab679d10d8741c0",
                "sha256:82764c0bd697159fe9947ad59b6db6d7329e88505c8f98990eb07e84cc0a5d81",
                "sha256:8ae65fdfb8a841556b52935dfd4c3f79132dc5253b12c0061b96415208f4d622",
                "sha256:8d5b0ff3218858859910295df6953d7bafac3a48d5cd18f4e3ed9999efd2245f",
                "sha256:95d6bf449a1ac81de562d65d180af5d8c19672793c81877a2eda8fde5d08f2fd",
                "sha256:964c7aa318da542cdcc60d4a648377ffe1a2ef0eb1e996026c7f74507b720a78",
                "sha256:96ef39add33ff58cd4c112cbac076726b96b98bb8f1e7f7595288dcfb2f10b57",
                "sha256:a6612c2a844043e4d10a8324c54cdff0042c558eef30bd705770793d70b224aa",
                "sha256:a8031074a397a5925d06b590121f8339d34a5a74cfe6970f8a1124eb8b83f4ac",
                "sha256:aab9e522efff3993a9e98ab14263d4e20211e62da088298089a03056980a3e69",
                "sha256:ae579143826c6f05a361d9546446c432a165ecf1c0b720bbfd81152645cb897d",
                "sha256:ae90b9e50fe1bd115b24785e962b51130340408156d34d67b5f8f3fa6540938e",
                "sha256:b18cf68255a476b927910c6873d9ed00da692bb293c5b10b282bd48a0afe3ae2",
                "sha256:b7efb12e5071ad8d5b547487bdad489fbd4a5a35a0fc36a1941517a6ad7f23e0",
                "sha256:c4d9f15ffe68bcd3898b0ad7233af01b15c57d91cd1667f8d868e0eacbfe3f87",
                "sha256:c53100c8ee5a1e102766abde2158077d8c374bee0639201f11d3032e3555dfbc",
                "sha256:c57e493a0faea1e4c38f860d6862ba6832723396c884fbf938ff5e9b224200e2",
                "sha256:c8319e0bd6a7b45ad76166cc3d5d6a36c97d0c82a196f478c3ee5346566eebfd",
                "sha256:caffda619099cfd4f63d48462f6aadbecee3ad9603b4b88b60cb821c1b258576",
                "sha256:cc0c316fba3ce72ac3ab7902a888b9dc4979162d320823679da270c2d9ad0cad",
                "sha256:cdd02a08205dc90238669f082747612cb3c82bd2c717adc60f9b9ecadb540f80",
                "sha256:d50ac34835c6a4a0d456b5db559b82047403c4317b3bc73b3455fefdbdc54b0a",
                "sha256:d6b9dd6aa03c812017411734e496c44fef29b43dba1e3dd1fa7361bbacfc1354",
                "sha256:da3131ef2b940b99106f29dfbc30d9505643f766704e14c5d5e504e6a480c35e",
                "sha256:da43cbe593e3c87d07108d0ebd73771dc414488f1f91ed2e204b0370b94b37ac",
                "sha256:dd59638025160056687d598b054b64a79183f8065eae0d3f5ca523cde9943940",
                "sha256:e1895e949f8849bc2757c0dbac28422a04be031204df46a56ab34bcf98507342",
                "sha256:e1a79ad49f346aa1a2921f31e8dbbab4d64484823e813a002679eaa46cba39e1",
                "sha256:e460475719721d59cd54a350c1f71c797c763212c836bf48585478c5514d2854",
                "sha256:e64ffaf8f6e17ca15eb48344d86a7a741454526f3a3fa56bc493ad9d7ec63936",
                "sha256:e6e3ccebdbd6e53474b0bb7ab8b88e83c0cfe91484b25e058e581348ee5a01a5",
                "sha256:e758d271ed0286d146cf7c04c539a5169a888dd0b57026be621547e756af55bc",
                "sha256:f087879f1ffde024dd2788a30d55acd67959dcf6c431e9d3682d1c491a0eb474",
                "sha256:f477d26183e94eaafc60b983ab25af2a809a1b48ce4debb57b343f671b7a90b6",
                "sha256:fc535cb898ef88333cf317777ecdfe0faac1c2a3187ef7eb061b6f7ecf7e6bae"
            ],
            "markers": "python_version >= '3.8'",
            "version": "==2.23.2"
        },
        "pyjwt": {
            "hashes": [
                "sha256:3cc5772eb20009233caf06e9d8a0577824723b44e6648ee0a2aedb6cf9381953",
                "sha256:dcdd193e30abefd5debf142f9adfcdd2b58004e644f25406ffaebd50bd98dacb"
            ],
            "index": "pypi",
            "markers": "python_version >= '3.9'",
            "version": "==2.10.1"
        },
        "python-dateutil": {
            "hashes": [
                "sha256:37dd54208da7e1cd875388217d5e00ebd4179249f90fb72437e91a35459a0ad3",
                "sha256:a8b2bc7bffae282281c8140a97d3aa9c14da0b136dfe83f850eea9a5f7470427"
            ],
            "markers": "python_version >= '2.7' and python_version not in '3.0, 3.1, 3.2'",
            "version": "==2.9.0.post0"
        },
        "python-dotenv": {
            "hashes": [
                "sha256:42667e897e16ab0d66954af0e60a9caa94f0fd4ecf3aaf6d2d260eec1aa36ad6",
                "sha256:b81ee9561e9ca4004139c6cbba3a238c32b03e4894671e181b671e8cb8425d61"
            ],
            "index": "pypi",
            "markers": "python_version >= '3.9'",
            "version": "==1.2.1"
        },
        "six": {
            "hashes": [
                "sha256:4721f391ed90541fddacab5acf947aa0d3dc7d27b2e1e8eda2be8970586c3274",
                "sha256:ff70335d468e7eb6ec65b95b99d3a2836546063f63acc5171de367e834932a81"
            ],
            "markers": "python_version >= '2.7' and python_version not in '3.0, 3.1, 3.2'",
            "version": "==1.17.0"
        },
        "sqlalchemy": {
            "hashes": [
                "sha256:018ee97c558b499b58935c5a152aeabf6d36b3d55d91656abeb6d93d663c0c4c",
                "sha256:01da15490c9df352fbc29859d3c7ba9cd1377791faeeb47c100832004c99472c",
                "sha256:04545042969833cb92e13b0a3019549d284fd2423f318b6ba10e7aa687690a3c",
                "sha256:06205eb98cb3dd52133ca6818bf5542397f1dd1b69f7ea28aa84413897380b06",
                "sha256:08cf721bbd4391a0e765fe0fe8816e81d9f43cece54fdb5ac465c56efafecb3d",
                "sha256:0d7e3866eb52d914aea50c9be74184a0feb86f9af8aaaa4daefe52b69378db0b",
                "sha256:125a7763b263218a80759ad9ae2f3610aaf2c2fbbd78fff088d584edf81f3782",
                "sha256:23c5aa33c01bd898f879db158537d7e7568b503b15aad60ea0c8da8109adf3e7",
                "sha256:2600a50d590c22d99c424c394236899ba72f849a02b10e65b4c70149606408b5",
                "sha256:2d7332868ce891eda48896131991f7f2be572d65b41a4050957242f8e935d5d7",
                "sha256:2ed107331d188a286611cea9022de0afc437dd2d3c168e368169f27aa0f61338",
                "sha256:3395e7ed89c6d264d38bea3bfb22ffe868f906a7985d03546ec7dc30221ea980",
                "sha256:344cd1ec2b3c6bdd5dfde7ba7e3b879e0f8dd44181f16b895940be9b842fd2b6",
                "sha256:34d5c49f18778a3665d707e6286545a30339ad545950773d43977e504815fa70",
                "sha256:35e72518615aa5384ef4fae828e3af1b43102458b74a8c481f69af8abf7e802a",
                "sha256:3eb14ba1a9d07c88669b7faf8f589be67871d6409305e73e036321d89f1d904e",
                "sha256:412c6c126369ddae171c13987b38df5122cb92015cba6f9ee1193b867f3f1530",
                "sha256:4600c7a659d381146e1160235918826c50c80994e07c5b26946a3e7ec6c99249",
                "sha256:463ecfb907b256e94bfe7bcb31a6d8c7bc96eca7cbe39803e448a58bb9fcad02",
                "sha256:4a06e6c8e31c98ddc770734c63903e39f1947c9e3e5e4bef515c5491b7737dde",
                "sha256:4b2de1523d46e7016afc7e42db239bd41f2163316935de7c84d0e19af7e69538",
                "sha256:4dabd775fd66cf17f31f8625fc0e4cfc5765f7982f94dc09b9e5868182cb71c0",
                "sha256:4eff9c270afd23e2746e921e80182872058a7a592017b2713f33f96cc5f82e32",
                "sha256:52607d0ebea43cf214e2ee84a6a76bc774176f97c5a774ce33277514875a718e",
                "sha256:533e0f66c32093a987a30df3ad6ed21170db9d581d0b38e71396c49718fbb1ca",
                "sha256:5493a8120d6fc185f60e7254fc056a6742f1db68c0f849cfc9ab46163c21df47",
                "sha256:5d2d1fe548def3267b4c70a8568f108d1fed7cbbeccb9cc166e05af2abc25c22",
                "sha256:5dfbc543578058c340360f851ddcecd7a1e26b0d9b5b69259b526da9edfa8875",
                "sha256:66a40003bc244e4ad86b72abb9965d304726d05a939e8c09ce844d27af9e6d37",
                "sha256:67de057fbcb04a066171bd9ee6bcb58738d89378ee3cabff0bffbf343ae1c787",
                "sha256:6827f8c1b2f13f1420545bd6d5b3f9e0b85fe750388425be53d23c760dcf176b",
                "sha256:6b35e07f1d57b79b86a7de8ecdcefb78485dab9851b9638c2c793c50203b2ae8",
                "sha256:7399d45b62d755e9ebba94eb89437f80512c08edde8c63716552a3aade61eb42",
                "sha256:788b6ff6728072b313802be13e88113c33696a9a1f2f6d634a97c20f7ef5ccce",
                "sha256:78f1b79132a69fe8bd6b5d91ef433c8eb40688ba782b26f8c9f3d2d9ca23626f",
                "sha256:79f4f502125a41b1b3b34449e747a6abfd52a709d539ea7769101696bdca6716",
                "sha256:7a8517b6d4005facdbd7eb4e8cf54797dbca100a7df459fdaff4c5123265c1cd",
                "sha256:7bd5c5ee1448b6408734eaa29c0d820d061ae18cb17232ce37848376dcfa3e92",
                "sha256:7f5243357e6da9a90c56282f64b50d29cba2ee1f745381174caacc50d501b109",
                "sha256:805cb481474e111ee3687c9047c5f3286e62496f09c0e82e8853338aaaa348f8",
                "sha256:871f55e478b5a648c08dd24af44345406d0e636ffe021d64c9b57a4a11518304",
                "sha256:87a1ce1f5e5dc4b6f4e0aac34e7bb535cb23bd4f5d9c799ed1633b65c2bcad8c",
                "sha256:8a10ca7f8a1ea0fd5630f02feb055b0f5cdfcd07bb3715fc1b6f8cb72bf114e4",
                "sha256:995c2bacdddcb640c2ca558e6760383dcdd68830160af92b5c6e6928ffd259b4",
                "sha256:9f03143f8f851dd8de6b0c10784363712058f38209e926723c80654c1b40327a",
                "sha256:a1c6b0a5e3e326a466d809b651c63f278b1256146a377a528b6938a279da334f",
                "sha256:a28f9c238f1e143ff42ab3ba27990dfb964e5d413c0eb001b88794c5c4a528a9",
                "sha256:b2cf5b5ddb69142511d5559c427ff00ec8c0919a1e6c09486e9c32636ea2b9dd",
                "sha256:b761a6847f96fdc2d002e29e9e9ac2439c13b919adfd64e8ef49e75f6355c548",
                "sha256:bf555f3e25ac3a70c67807b2949bfe15f377a40df84b71ab2c58d8593a1e036e",
                "sha256:c08a972cbac2a14810463aec3a47ff218bb00c1a607e6689b531a7c589c50723",
                "sha256:c457a38351fb6234781d054260c60e531047e4d07beca1889b558ff73dc2014b",
                "sha256:c4c433f78c2908ae352848f56589c02b982d0e741b7905228fad628999799de4",
                "sha256:d9f119e7736967c0ea03aff91ac7d04555ee038caf89bb855d93bbd04ae85b41",
                "sha256:e6b0a1c7ed54a5361aaebb910c1fa864bae34273662bb4ff788a527eafd6e14d",
                "sha256:f2bcb085faffcacf9319b1b1445a7e1cfdc6fb46c03f2dce7bc2d9a4b3c1cdc5",
                "sha256:fe193d3ae297c423e0e567e240b4324d6b6c280a048e64c77a3ea6886cc2aa87"
            ],
            "index": "pypi",
            "markers": "python_version >= '3.7'",
            "version": "==2.0.39"
        },
        "typing-extensions": {
            "hashes": [
                "sha256:0cea48d173cc12fa28ecabc3b837ea3cf6f38c6d1136f85cbaaf598984861466",
                "sha256:f0fa19c6845758ab08074a0cfa8b7aecb71c999ca73d62883bc25cc018c4e548"
            ],
            "markers": "python_version >= '3.9'",
            "version": "==4.15.0"
        },
        "tzdata": {
            "hashes": [
                "sha256:1a403fada01ff9221ca8044d701868fa132215d84beb92242d9acd2147f667a8",
                "sha256:b60a638fcc0daffadf82fe0f57e53d06bdec2f36c4df66280ae79bce6bd6f2b9"
            ],
            "markers": "python_version >= '2'",
            "version": "==2025.2"
        },
        "werkzeug": {
            "hashes": [
                "sha256:54b78bf3716d19a65be4fceccc0d1d7b89e608834989dfae50ea87564639213e",
                "sha256:60723ce945c19328679790e3282cc758aa4a6040e4bb330f53d30fa546d44746"
            ],
            "markers": "python_version >= '3.9'",
            "version": "==3.1.3"
        }
    },
    "develop": {}
}
